
Microsoft Visual Studio Solution File, Format Version 12.00
# Visual Studio Version 16
VisualStudioVersion = 16.6.30114.105
MinimumVisualStudioVersion = 10.0.40219.1
Project("{9A19103F-16F7-4668-BE54-9A1E7A4F7556}") = "R5T.D0065.Construction", "R5T.D0065.Construction\R5T.D0065.Construction.csproj", "{16A7792A-F2F5-4C62-8747-E1088A7BD7FB}"
EndProject
Project("{9A19103F-16F7-4668-BE54-9A1E7A4F7556}") = "R5T.D0065.Base", "R5T.D0065.Base\R5T.D0065.Base.csproj", "{32D7E755-3120-49AE-8CB0-2C9B9528D97A}"
EndProject
Project("{9A19103F-16F7-4668-BE54-9A1E7A4F7556}") = "R5T.D0065.Default", "R5T.D0065.Default\R5T.D0065.Default.csproj", "{A93ED294-24E7-463D-9650-CAAE28BB61BF}"
EndProject
Project("{2150E333-8FDC-42A3-9474-1A3956D46DE8}") = "_Dependencies", "_Dependencies", "{09A13AB1-9D99-4D93-98F6-F06D7DCEB6FD}"
EndProject
Project("{9A19103F-16F7-4668-BE54-9A1E7A4F7556}") = "R5T.Magyar", "..\..\R5T.Magyar\source\R5T.Magyar\R5T.Magyar.csproj", "{5AC97E04-AF04-49F2-B7C9-6305F97A2C4F}"
EndProject
Project("{9A19103F-16F7-4668-BE54-9A1E7A4F7556}") = "R5T.Dacia.Extensions", "..\..\R5T.Dacia.Extensions\source\R5T.Dacia.Extensions\R5T.Dacia.Extensions.csproj", "{F122E62E-6BA3-4732-BF53-C0514516D363}"
EndProject
Project("{9A19103F-16F7-4668-BE54-9A1E7A4F7556}") = "R5T.Dacia", "..\..\R5T.Dacia\source\R5T.Dacia\R5T.Dacia.csproj", "{A26717E7-58FE-4802-ABB2-23B130F98120}"
EndProject
Project("{9A19103F-16F7-4668-BE54-9A1E7A4F7556}") = "R5T.Lombardy.Base", "..\..\R5T.Lombardy.Base\source\R5T.Lombardy.Base\R5T.Lombardy.Base.csproj", "{5C15D6B6-7EAD-4D26-AFBE-B34234AF9D91}"
EndProject
Project("{9A19103F-16F7-4668-BE54-9A1E7A4F7556}") = "R5T.D0065.Standard", "R5T.D0065.Standard\R5T.D0065.Standard.csproj", "{18E5B4D6-7EF5-4FAE-8249-08DBA5CA08C1}"
EndProject
Project("{9A19103F-16F7-4668-BE54-9A1E7A4F7556}") = "R5T.D0065.D0071", "R5T.D0065.D0071\R5T.D0065.D0071.csproj", "{11213EEF-7A3B-42F6-BBF9-371C63EF461B}"
EndProject
Project("{9A19103F-16F7-4668-BE54-9A1E7A4F7556}") = "R5T.D0071.Base", "..\..\R5T.D0071\source\R5T.D0071.Base\R5T.D0071.Base.csproj", "{71ACDA5A-26E4-4C23-AAD9-763D180BB116}"
EndProject
Project("{9A19103F-16F7-4668-BE54-9A1E7A4F7556}") = "R5T.D0071.Default", "..\..\R5T.D0071\source\R5T.D0071.Default\R5T.D0071.Default.csproj", "{C9C30E25-4FFC-4E61-AC61-4803512C1972}"
EndProject
Project("{9A19103F-16F7-4668-BE54-9A1E7A4F7556}") = "R5T.T0064", "..\..\R5T.T0064\source\R5T.T0064\R5T.T0064.csproj", "{A79CE615-CFBB-47DD-BAE0-CC0FF60B0CA4}"
EndProject
Project("{9A19103F-16F7-4668-BE54-9A1E7A4F7556}") = "R5T.T0062.X001", "..\..\R5T.T0062\source\R5T.T0062.X001\R5T.T0062.X001.csproj", "{D58A5554-E96A-4D66-BD6E-328545B0DDAC}"
EndProject
Project("{9A19103F-16F7-4668-BE54-9A1E7A4F7556}") = "R5T.T0063", "..\..\R5T.T0063\source\R5T.T0063\R5T.T0063.csproj", "{05CA1AD4-5684-4663-B245-5022D5CE9805}"
EndProject
Project("{9A19103F-16F7-4668-BE54-9A1E7A4F7556}") = "R5T.L0013", "..\..\R5T.L0013\source\R5T.L0013\R5T.L0013.csproj", "{2FA672D0-37B5-42F9-BA22-725D1C30635B}"
EndProject
Project("{9A19103F-16F7-4668-BE54-9A1E7A4F7556}") = "R5T.T0062", "..\..\R5T.T0062\source\R5T.T0062\R5T.T0062.csproj", "{D9A92532-B6F8-4E65-B52D-351B62813256}"
EndProject
Project("{9A19103F-16F7-4668-BE54-9A1E7A4F7556}") = "R5T.T0039.T002", "..\..\R5T.T0039\source\R5T.T0039.T002\R5T.T0039.T002.csproj", "{A648970A-1BB8-4EE7-A58E-233CE21AEE8D}"
EndProject
Global
	GlobalSection(SolutionConfigurationPlatforms) = preSolution
		Debug|Any CPU = Debug|Any CPU
		Debug|x64 = Debug|x64
		Debug|x86 = Debug|x86
		Release|Any CPU = Release|Any CPU
		Release|x64 = Release|x64
		Release|x86 = Release|x86
	EndGlobalSection
	GlobalSection(ProjectConfigurationPlatforms) = postSolution
		{16A7792A-F2F5-4C62-8747-E1088A7BD7FB}.Debug|Any CPU.ActiveCfg = Debug|Any CPU
		{16A7792A-F2F5-4C62-8747-E1088A7BD7FB}.Debug|Any CPU.Build.0 = Debug|Any CPU
		{16A7792A-F2F5-4C62-8747-E1088A7BD7FB}.Debug|x64.ActiveCfg = Debug|Any CPU
		{16A7792A-F2F5-4C62-8747-E1088A7BD7FB}.Debug|x64.Build.0 = Debug|Any CPU
		{16A7792A-F2F5-4C62-8747-E1088A7BD7FB}.Debug|x86.ActiveCfg = Debug|Any CPU
		{16A7792A-F2F5-4C62-8747-E1088A7BD7FB}.Debug|x86.Build.0 = Debug|Any CPU
		{16A7792A-F2F5-4C62-8747-E1088A7BD7FB}.Release|Any CPU.ActiveCfg = Release|Any CPU
		{16A7792A-F2F5-4C62-8747-E1088A7BD7FB}.Release|Any CPU.Build.0 = Release|Any CPU
		{16A7792A-F2F5-4C62-8747-E1088A7BD7FB}.Release|x64.ActiveCfg = Release|Any CPU
		{16A7792A-F2F5-4C62-8747-E1088A7BD7FB}.Release|x64.Build.0 = Release|Any CPU
		{16A7792A-F2F5-4C62-8747-E1088A7BD7FB}.Release|x86.ActiveCfg = Release|Any CPU
		{16A7792A-F2F5-4C62-8747-E1088A7BD7FB}.Release|x86.Build.0 = Release|Any CPU
		{32D7E755-3120-49AE-8CB0-2C9B9528D97A}.Debug|Any CPU.ActiveCfg = Debug|Any CPU
		{32D7E755-3120-49AE-8CB0-2C9B9528D97A}.Debug|Any CPU.Build.0 = Debug|Any CPU
		{32D7E755-3120-49AE-8CB0-2C9B9528D97A}.Debug|x64.ActiveCfg = Debug|Any CPU
		{32D7E755-3120-49AE-8CB0-2C9B9528D97A}.Debug|x64.Build.0 = Debug|Any CPU
		{32D7E755-3120-49AE-8CB0-2C9B9528D97A}.Debug|x86.ActiveCfg = Debug|Any CPU
		{32D7E755-3120-49AE-8CB0-2C9B9528D97A}.Debug|x86.Build.0 = Debug|Any CPU
		{32D7E755-3120-49AE-8CB0-2C9B9528D97A}.Release|Any CPU.ActiveCfg = Release|Any CPU
		{32D7E755-3120-49AE-8CB0-2C9B9528D97A}.Release|Any CPU.Build.0 = Release|Any CPU
		{32D7E755-3120-49AE-8CB0-2C9B9528D97A}.Release|x64.ActiveCfg = Release|Any CPU
		{32D7E755-3120-49AE-8CB0-2C9B9528D97A}.Release|x64.Build.0 = Release|Any CPU
		{32D7E755-3120-49AE-8CB0-2C9B9528D97A}.Release|x86.ActiveCfg = Release|Any CPU
		{32D7E755-3120-49AE-8CB0-2C9B9528D97A}.Release|x86.Build.0 = Release|Any CPU
		{A93ED294-24E7-463D-9650-CAAE28BB61BF}.Debug|Any CPU.ActiveCfg = Debug|Any CPU
		{A93ED294-24E7-463D-9650-CAAE28BB61BF}.Debug|Any CPU.Build.0 = Debug|Any CPU
		{A93ED294-24E7-463D-9650-CAAE28BB61BF}.Debug|x64.ActiveCfg = Debug|Any CPU
		{A93ED294-24E7-463D-9650-CAAE28BB61BF}.Debug|x64.Build.0 = Debug|Any CPU
		{A93ED294-24E7-463D-9650-CAAE28BB61BF}.Debug|x86.ActiveCfg = Debug|Any CPU
		{A93ED294-24E7-463D-9650-CAAE28BB61BF}.Debug|x86.Build.0 = Debug|Any CPU
		{A93ED294-24E7-463D-9650-CAAE28BB61BF}.Release|Any CPU.ActiveCfg = Release|Any CPU
		{A93ED294-24E7-463D-9650-CAAE28BB61BF}.Release|Any CPU.Build.0 = Release|Any CPU
		{A93ED294-24E7-463D-9650-CAAE28BB61BF}.Release|x64.ActiveCfg = Release|Any CPU
		{A93ED294-24E7-463D-9650-CAAE28BB61BF}.Release|x64.Build.0 = Release|Any CPU
		{A93ED294-24E7-463D-9650-CAAE28BB61BF}.Release|x86.ActiveCfg = Release|Any CPU
		{A93ED294-24E7-463D-9650-CAAE28BB61BF}.Release|x86.Build.0 = Release|Any CPU
		{5AC97E04-AF04-49F2-B7C9-6305F97A2C4F}.Debug|Any CPU.ActiveCfg = Debug|Any CPU
		{5AC97E04-AF04-49F2-B7C9-6305F97A2C4F}.Debug|Any CPU.Build.0 = Debug|Any CPU
		{5AC97E04-AF04-49F2-B7C9-6305F97A2C4F}.Debug|x64.ActiveCfg = Debug|Any CPU
		{5AC97E04-AF04-49F2-B7C9-6305F97A2C4F}.Debug|x64.Build.0 = Debug|Any CPU
		{5AC97E04-AF04-49F2-B7C9-6305F97A2C4F}.Debug|x86.ActiveCfg = Debug|Any CPU
		{5AC97E04-AF04-49F2-B7C9-6305F97A2C4F}.Debug|x86.Build.0 = Debug|Any CPU
		{5AC97E04-AF04-49F2-B7C9-6305F97A2C4F}.Release|Any CPU.ActiveCfg = Release|Any CPU
		{5AC97E04-AF04-49F2-B7C9-6305F97A2C4F}.Release|Any CPU.Build.0 = Release|Any CPU
		{5AC97E04-AF04-49F2-B7C9-6305F97A2C4F}.Release|x64.ActiveCfg = Release|Any CPU
		{5AC97E04-AF04-49F2-B7C9-6305F97A2C4F}.Release|x64.Build.0 = Release|Any CPU
		{5AC97E04-AF04-49F2-B7C9-6305F97A2C4F}.Release|x86.ActiveCfg = Release|Any CPU
		{5AC97E04-AF04-49F2-B7C9-6305F97A2C4F}.Release|x86.Build.0 = Release|Any CPU
		{F122E62E-6BA3-4732-BF53-C0514516D363}.Debug|Any CPU.ActiveCfg = Debug|Any CPU
		{F122E62E-6BA3-4732-BF53-C0514516D363}.Debug|Any CPU.Build.0 = Debug|Any CPU
		{F122E62E-6BA3-4732-BF53-C0514516D363}.Debug|x64.ActiveCfg = Debug|Any CPU
		{F122E62E-6BA3-4732-BF53-C0514516D363}.Debug|x64.Build.0 = Debug|Any CPU
		{F122E62E-6BA3-4732-BF53-C0514516D363}.Debug|x86.ActiveCfg = Debug|Any CPU
		{F122E62E-6BA3-4732-BF53-C0514516D363}.Debug|x86.Build.0 = Debug|Any CPU
		{F122E62E-6BA3-4732-BF53-C0514516D363}.Release|Any CPU.ActiveCfg = Release|Any CPU
		{F122E62E-6BA3-4732-BF53-C0514516D363}.Release|Any CPU.Build.0 = Release|Any CPU
		{F122E62E-6BA3-4732-BF53-C0514516D363}.Release|x64.ActiveCfg = Release|Any CPU
		{F122E62E-6BA3-4732-BF53-C0514516D363}.Release|x64.Build.0 = Release|Any CPU
		{F122E62E-6BA3-4732-BF53-C0514516D363}.Release|x86.ActiveCfg = Release|Any CPU
		{F122E62E-6BA3-4732-BF53-C0514516D363}.Release|x86.Build.0 = Release|Any CPU
		{A26717E7-58FE-4802-ABB2-23B130F98120}.Debug|Any CPU.ActiveCfg = Debug|Any CPU
		{A26717E7-58FE-4802-ABB2-23B130F98120}.Debug|Any CPU.Build.0 = Debug|Any CPU
		{A26717E7-58FE-4802-ABB2-23B130F98120}.Debug|x64.ActiveCfg = Debug|Any CPU
		{A26717E7-58FE-4802-ABB2-23B130F98120}.Debug|x64.Build.0 = Debug|Any CPU
		{A26717E7-58FE-4802-ABB2-23B130F98120}.Debug|x86.ActiveCfg = Debug|Any CPU
		{A26717E7-58FE-4802-ABB2-23B130F98120}.Debug|x86.Build.0 = Debug|Any CPU
		{A26717E7-58FE-4802-ABB2-23B130F98120}.Release|Any CPU.ActiveCfg = Release|Any CPU
		{A26717E7-58FE-4802-ABB2-23B130F98120}.Release|Any CPU.Build.0 = Release|Any CPU
		{A26717E7-58FE-4802-ABB2-23B130F98120}.Release|x64.ActiveCfg = Release|Any CPU
		{A26717E7-58FE-4802-ABB2-23B130F98120}.Release|x64.Build.0 = Release|Any CPU
		{A26717E7-58FE-4802-ABB2-23B130F98120}.Release|x86.ActiveCfg = Release|Any CPU
		{A26717E7-58FE-4802-ABB2-23B130F98120}.Release|x86.Build.0 = Release|Any CPU
		{5C15D6B6-7EAD-4D26-AFBE-B34234AF9D91}.Debug|Any CPU.ActiveCfg = Debug|Any CPU
		{5C15D6B6-7EAD-4D26-AFBE-B34234AF9D91}.Debug|Any CPU.Build.0 = Debug|Any CPU
		{5C15D6B6-7EAD-4D26-AFBE-B34234AF9D91}.Debug|x64.ActiveCfg = Debug|Any CPU
		{5C15D6B6-7EAD-4D26-AFBE-B34234AF9D91}.Debug|x64.Build.0 = Debug|Any CPU
		{5C15D6B6-7EAD-4D26-AFBE-B34234AF9D91}.Debug|x86.ActiveCfg = Debug|Any CPU
		{5C15D6B6-7EAD-4D26-AFBE-B34234AF9D91}.Debug|x86.Build.0 = Debug|Any CPU
		{5C15D6B6-7EAD-4D26-AFBE-B34234AF9D91}.Release|Any CPU.ActiveCfg = Release|Any CPU
		{5C15D6B6-7EAD-4D26-AFBE-B34234AF9D91}.Release|Any CPU.Build.0 = Release|Any CPU
		{5C15D6B6-7EAD-4D26-AFBE-B34234AF9D91}.Release|x64.ActiveCfg = Release|Any CPU
		{5C15D6B6-7EAD-4D26-AFBE-B34234AF9D91}.Release|x64.Build.0 = Release|Any CPU
		{5C15D6B6-7EAD-4D26-AFBE-B34234AF9D91}.Release|x86.ActiveCfg = Release|Any CPU
		{5C15D6B6-7EAD-4D26-AFBE-B34234AF9D91}.Release|x86.Build.0 = Release|Any CPU
		{18E5B4D6-7EF5-4FAE-8249-08DBA5CA08C1}.Debug|Any CPU.ActiveCfg = Debug|Any CPU
		{18E5B4D6-7EF5-4FAE-8249-08DBA5CA08C1}.Debug|Any CPU.Build.0 = Debug|Any CPU
		{18E5B4D6-7EF5-4FAE-8249-08DBA5CA08C1}.Debug|x64.ActiveCfg = Debug|Any CPU
		{18E5B4D6-7EF5-4FAE-8249-08DBA5CA08C1}.Debug|x64.Build.0 = Debug|Any CPU
		{18E5B4D6-7EF5-4FAE-8249-08DBA5CA08C1}.Debug|x86.ActiveCfg = Debug|Any CPU
		{18E5B4D6-7EF5-4FAE-8249-08DBA5CA08C1}.Debug|x86.Build.0 = Debug|Any CPU
		{18E5B4D6-7EF5-4FAE-8249-08DBA5CA08C1}.Release|Any CPU.ActiveCfg = Release|Any CPU
		{18E5B4D6-7EF5-4FAE-8249-08DBA5CA08C1}.Release|Any CPU.Build.0 = Release|Any CPU
		{18E5B4D6-7EF5-4FAE-8249-08DBA5CA08C1}.Release|x64.ActiveCfg = Release|Any CPU
		{18E5B4D6-7EF5-4FAE-8249-08DBA5CA08C1}.Release|x64.Build.0 = Release|Any CPU
		{18E5B4D6-7EF5-4FAE-8249-08DBA5CA08C1}.Release|x86.ActiveCfg = Release|Any CPU
		{18E5B4D6-7EF5-4FAE-8249-08DBA5CA08C1}.Release|x86.Build.0 = Release|Any CPU
		{11213EEF-7A3B-42F6-BBF9-371C63EF461B}.Debug|Any CPU.ActiveCfg = Debug|Any CPU
		{11213EEF-7A3B-42F6-BBF9-371C63EF461B}.Debug|Any CPU.Build.0 = Debug|Any CPU
		{11213EEF-7A3B-42F6-BBF9-371C63EF461B}.Debug|x64.ActiveCfg = Debug|Any CPU
		{11213EEF-7A3B-42F6-BBF9-371C63EF461B}.Debug|x64.Build.0 = Debug|Any CPU
		{11213EEF-7A3B-42F6-BBF9-371C63EF461B}.Debug|x86.ActiveCfg = Debug|Any CPU
		{11213EEF-7A3B-42F6-BBF9-371C63EF461B}.Debug|x86.Build.0 = Debug|Any CPU
		{11213EEF-7A3B-42F6-BBF9-371C63EF461B}.Release|Any CPU.ActiveCfg = Release|Any CPU
		{11213EEF-7A3B-42F6-BBF9-371C63EF461B}.Release|Any CPU.Build.0 = Release|Any CPU
		{11213EEF-7A3B-42F6-BBF9-371C63EF461B}.Release|x64.ActiveCfg = Release|Any CPU
		{11213EEF-7A3B-42F6-BBF9-371C63EF461B}.Release|x64.Build.0 = Release|Any CPU
		{11213EEF-7A3B-42F6-BBF9-371C63EF461B}.Release|x86.ActiveCfg = Release|Any CPU
		{11213EEF-7A3B-42F6-BBF9-371C63EF461B}.Release|x86.Build.0 = Release|Any CPU
		{71ACDA5A-26E4-4C23-AAD9-763D180BB116}.Debug|Any CPU.ActiveCfg = Debug|Any CPU
		{71ACDA5A-26E4-4C23-AAD9-763D180BB116}.Debug|Any CPU.Build.0 = Debug|Any CPU
		{71ACDA5A-26E4-4C23-AAD9-763D180BB116}.Debug|x64.ActiveCfg = Debug|Any CPU
		{71ACDA5A-26E4-4C23-AAD9-763D180BB116}.Debug|x64.Build.0 = Debug|Any CPU
		{71ACDA5A-26E4-4C23-AAD9-763D180BB116}.Debug|x86.ActiveCfg = Debug|Any CPU
		{71ACDA5A-26E4-4C23-AAD9-763D180BB116}.Debug|x86.Build.0 = Debug|Any CPU
		{71ACDA5A-26E4-4C23-AAD9-763D180BB116}.Release|Any CPU.ActiveCfg = Release|Any CPU
		{71ACDA5A-26E4-4C23-AAD9-763D180BB116}.Release|Any CPU.Build.0 = Release|Any CPU
		{71ACDA5A-26E4-4C23-AAD9-763D180BB116}.Release|x64.ActiveCfg = Release|Any CPU
		{71ACDA5A-26E4-4C23-AAD9-763D180BB116}.Release|x64.Build.0 = Release|Any CPU
		{71ACDA5A-26E4-4C23-AAD9-763D180BB116}.Release|x86.ActiveCfg = Release|Any CPU
		{71ACDA5A-26E4-4C23-AAD9-763D180BB116}.Release|x86.Build.0 = Release|Any CPU
		{C9C30E25-4FFC-4E61-AC61-4803512C1972}.Debug|Any CPU.ActiveCfg = Debug|Any CPU
		{C9C30E25-4FFC-4E61-AC61-4803512C1972}.Debug|Any CPU.Build.0 = Debug|Any CPU
		{C9C30E25-4FFC-4E61-AC61-4803512C1972}.Debug|x64.ActiveCfg = Debug|Any CPU
		{C9C30E25-4FFC-4E61-AC61-4803512C1972}.Debug|x64.Build.0 = Debug|Any CPU
		{C9C30E25-4FFC-4E61-AC61-4803512C1972}.Debug|x86.ActiveCfg = Debug|Any CPU
		{C9C30E25-4FFC-4E61-AC61-4803512C1972}.Debug|x86.Build.0 = Debug|Any CPU
		{C9C30E25-4FFC-4E61-AC61-4803512C1972}.Release|Any CPU.ActiveCfg = Release|Any CPU
		{C9C30E25-4FFC-4E61-AC61-4803512C1972}.Release|Any CPU.Build.0 = Release|Any CPU
		{C9C30E25-4FFC-4E61-AC61-4803512C1972}.Release|x64.ActiveCfg = Release|Any CPU
		{C9C30E25-4FFC-4E61-AC61-4803512C1972}.Release|x64.Build.0 = Release|Any CPU
		{C9C30E25-4FFC-4E61-AC61-4803512C1972}.Release|x86.ActiveCfg = Release|Any CPU
		{C9C30E25-4FFC-4E61-AC61-4803512C1972}.Release|x86.Build.0 = Release|Any CPU
		{A79CE615-CFBB-47DD-BAE0-CC0FF60B0CA4}.Debug|Any CPU.ActiveCfg = Debug|Any CPU
		{A79CE615-CFBB-47DD-BAE0-CC0FF60B0CA4}.Debug|Any CPU.Build.0 = Debug|Any CPU
		{A79CE615-CFBB-47DD-BAE0-CC0FF60B0CA4}.Debug|x64.ActiveCfg = Debug|Any CPU
		{A79CE615-CFBB-47DD-BAE0-CC0FF60B0CA4}.Debug|x64.Build.0 = Debug|Any CPU
		{A79CE615-CFBB-47DD-BAE0-CC0FF60B0CA4}.Debug|x86.ActiveCfg = Debug|Any CPU
		{A79CE615-CFBB-47DD-BAE0-CC0FF60B0CA4}.Debug|x86.Build.0 = Debug|Any CPU
		{A79CE615-CFBB-47DD-BAE0-CC0FF60B0CA4}.Release|Any CPU.ActiveCfg = Release|Any CPU
		{A79CE615-CFBB-47DD-BAE0-CC0FF60B0CA4}.Release|Any CPU.Build.0 = Release|Any CPU
		{A79CE615-CFBB-47DD-BAE0-CC0FF60B0CA4}.Release|x64.ActiveCfg = Release|Any CPU
		{A79CE615-CFBB-47DD-BAE0-CC0FF60B0CA4}.Release|x64.Build.0 = Release|Any CPU
		{A79CE615-CFBB-47DD-BAE0-CC0FF60B0CA4}.Release|x86.ActiveCfg = Release|Any CPU
		{A79CE615-CFBB-47DD-BAE0-CC0FF60B0CA4}.Release|x86.Build.0 = Release|Any CPU
		{D58A5554-E96A-4D66-BD6E-328545B0DDAC}.Debug|Any CPU.ActiveCfg = Debug|Any CPU
		{D58A5554-E96A-4D66-BD6E-328545B0DDAC}.Debug|Any CPU.Build.0 = Debug|Any CPU
		{D58A5554-E96A-4D66-BD6E-328545B0DDAC}.Debug|x64.ActiveCfg = Debug|Any CPU
		{D58A5554-E96A-4D66-BD6E-328545B0DDAC}.Debug|x64.Build.0 = Debug|Any CPU
		{D58A5554-E96A-4D66-BD6E-328545B0DDAC}.Debug|x86.ActiveCfg = Debug|Any CPU
		{D58A5554-E96A-4D66-BD6E-328545B0DDAC}.Debug|x86.Build.0 = Debug|Any CPU
		{D58A5554-E96A-4D66-BD6E-328545B0DDAC}.Release|Any CPU.ActiveCfg = Release|Any CPU
		{D58A5554-E96A-4D66-BD6E-328545B0DDAC}.Release|Any CPU.Build.0 = Release|Any CPU
		{D58A5554-E96A-4D66-BD6E-328545B0DDAC}.Release|x64.ActiveCfg = Release|Any CPU
		{D58A5554-E96A-4D66-BD6E-328545B0DDAC}.Release|x64.Build.0 = Release|Any CPU
		{D58A5554-E96A-4D66-BD6E-328545B0DDAC}.Release|x86.ActiveCfg = Release|Any CPU
		{D58A5554-E96A-4D66-BD6E-328545B0DDAC}.Release|x86.Build.0 = Release|Any CPU
		{05CA1AD4-5684-4663-B245-5022D5CE9805}.Debug|Any CPU.ActiveCfg = Debug|Any CPU
		{05CA1AD4-5684-4663-B245-5022D5CE9805}.Debug|Any CPU.Build.0 = Debug|Any CPU
		{05CA1AD4-5684-4663-B245-5022D5CE9805}.Debug|x64.ActiveCfg = Debug|Any CPU
		{05CA1AD4-5684-4663-B245-5022D5CE9805}.Debug|x64.Build.0 = Debug|Any CPU
		{05CA1AD4-5684-4663-B245-5022D5CE9805}.Debug|x86.ActiveCfg = Debug|Any CPU
		{05CA1AD4-5684-4663-B245-5022D5CE9805}.Debug|x86.Build.0 = Debug|Any CPU
		{05CA1AD4-5684-4663-B245-5022D5CE9805}.Release|Any CPU.ActiveCfg = Release|Any CPU
		{05CA1AD4-5684-4663-B245-5022D5CE9805}.Release|Any CPU.Build.0 = Release|Any CPU
		{05CA1AD4-5684-4663-B245-5022D5CE9805}.Release|x64.ActiveCfg = Release|Any CPU
		{05CA1AD4-5684-4663-B245-5022D5CE9805}.Release|x64.Build.0 = Release|Any CPU
		{05CA1AD4-5684-4663-B245-5022D5CE9805}.Release|x86.ActiveCfg = Release|Any CPU
		{05CA1AD4-5684-4663-B245-5022D5CE9805}.Release|x86.Build.0 = Release|Any CPU
		{2FA672D0-37B5-42F9-BA22-725D1C30635B}.Debug|Any CPU.ActiveCfg = Debug|Any CPU
		{2FA672D0-37B5-42F9-BA22-725D1C30635B}.Debug|Any CPU.Build.0 = Debug|Any CPU
		{2FA672D0-37B5-42F9-BA22-725D1C30635B}.Debug|x64.ActiveCfg = Debug|Any CPU
		{2FA672D0-37B5-42F9-BA22-725D1C30635B}.Debug|x64.Build.0 = Debug|Any CPU
		{2FA672D0-37B5-42F9-BA22-725D1C30635B}.Debug|x86.ActiveCfg = Debug|Any CPU
		{2FA672D0-37B5-42F9-BA22-725D1C30635B}.Debug|x86.Build.0 = Debug|Any CPU
		{2FA672D0-37B5-42F9-BA22-725D1C30635B}.Release|Any CPU.ActiveCfg = Release|Any CPU
		{2FA672D0-37B5-42F9-BA22-725D1C30635B}.Release|Any CPU.Build.0 = Release|Any CPU
		{2FA672D0-37B5-42F9-BA22-725D1C30635B}.Release|x64.ActiveCfg = Release|Any CPU
		{2FA672D0-37B5-42F9-BA22-725D1C30635B}.Release|x64.Build.0 = Release|Any CPU
		{2FA672D0-37B5-42F9-BA22-725D1C30635B}.Release|x86.ActiveCfg = Release|Any CPU
		{2FA672D0-37B5-42F9-BA22-725D1C30635B}.Release|x86.Build.0 = Release|Any CPU
		{D9A92532-B6F8-4E65-B52D-351B62813256}.Debug|Any CPU.ActiveCfg = Debug|Any CPU
		{D9A92532-B6F8-4E65-B52D-351B62813256}.Debug|Any CPU.Build.0 = Debug|Any CPU
		{D9A92532-B6F8-4E65-B52D-351B62813256}.Debug|x64.ActiveCfg = Debug|Any CPU
		{D9A92532-B6F8-4E65-B52D-351B62813256}.Debug|x64.Build.0 = Debug|Any CPU
		{D9A92532-B6F8-4E65-B52D-351B62813256}.Debug|x86.ActiveCfg = Debug|Any CPU
		{D9A92532-B6F8-4E65-B52D-351B62813256}.Debug|x86.Build.0 = Debug|Any CPU
		{D9A92532-B6F8-4E65-B52D-351B62813256}.Release|Any CPU.ActiveCfg = Release|Any CPU
		{D9A92532-B6F8-4E65-B52D-351B62813256}.Release|Any CPU.Build.0 = Release|Any CPU
		{D9A92532-B6F8-4E65-B52D-351B62813256}.Release|x64.ActiveCfg = Release|Any CPU
		{D9A92532-B6F8-4E65-B52D-351B62813256}.Release|x64.Build.0 = Release|Any CPU
		{D9A92532-B6F8-4E65-B52D-351B62813256}.Release|x86.ActiveCfg = Release|Any CPU
		{D9A92532-B6F8-4E65-B52D-351B62813256}.Release|x86.Build.0 = Release|Any CPU
		{A648970A-1BB8-4EE7-A58E-233CE21AEE8D}.Debug|Any CPU.ActiveCfg = Debug|Any CPU
		{A648970A-1BB8-4EE7-A58E-233CE21AEE8D}.Debug|Any CPU.Build.0 = Debug|Any CPU
		{A648970A-1BB8-4EE7-A58E-233CE21AEE8D}.Debug|x64.ActiveCfg = Debug|Any CPU
		{A648970A-1BB8-4EE7-A58E-233CE21AEE8D}.Debug|x64.Build.0 = Debug|Any CPU
		{A648970A-1BB8-4EE7-A58E-233CE21AEE8D}.Debug|x86.ActiveCfg = Debug|Any CPU
		{A648970A-1BB8-4EE7-A58E-233CE21AEE8D}.Debug|x86.Build.0 = Debug|Any CPU
		{A648970A-1BB8-4EE7-A58E-233CE21AEE8D}.Release|Any CPU.ActiveCfg = Release|Any CPU
		{A648970A-1BB8-4EE7-A58E-233CE21AEE8D}.Release|Any CPU.Build.0 = Release|Any CPU
		{A648970A-1BB8-4EE7-A58E-233CE21AEE8D}.Release|x64.ActiveCfg = Release|Any CPU
		{A648970A-1BB8-4EE7-A58E-233CE21AEE8D}.Release|x64.Build.0 = Release|Any CPU
		{A648970A-1BB8-4EE7-A58E-233CE21AEE8D}.Release|x86.ActiveCfg = Release|Any CPU
		{A648970A-1BB8-4EE7-A58E-233CE21AEE8D}.Release|x86.Build.0 = Release|Any CPU
	EndGlobalSection
	GlobalSection(SolutionProperties) = preSolution
		HideSolutionNode = FALSE
	EndGlobalSection
	GlobalSection(NestedProjects) = preSolution
		{5AC97E04-AF04-49F2-B7C9-6305F97A2C4F} = {09A13AB1-9D99-4D93-98F6-F06D7DCEB6FD}
		{F122E62E-6BA3-4732-BF53-C0514516D363} = {09A13AB1-9D99-4D93-98F6-F06D7DCEB6FD}
		{A26717E7-58FE-4802-ABB2-23B130F98120} = {09A13AB1-9D99-4D93-98F6-F06D7DCEB6FD}
		{5C15D6B6-7EAD-4D26-AFBE-B34234AF9D91} = {09A13AB1-9D99-4D93-98F6-F06D7DCEB6FD}
		{71ACDA5A-26E4-4C23-AAD9-763D180BB116} = {09A13AB1-9D99-4D93-98F6-F06D7DCEB6FD}
		{C9C30E25-4FFC-4E61-AC61-4803512C1972} = {09A13AB1-9D99-4D93-98F6-F06D7DCEB6FD}
		{A79CE615-CFBB-47DD-BAE0-CC0FF60B0CA4} = {09A13AB1-9D99-4D93-98F6-F06D7DCEB6FD}
		{D58A5554-E96A-4D66-BD6E-328545B0DDAC} = {09A13AB1-9D99-4D93-98F6-F06D7DCEB6FD}
		{05CA1AD4-5684-4663-B245-5022D5CE9805} = {09A13AB1-9D99-4D93-98F6-F06D7DCEB6FD}
		{2FA672D0-37B5-42F9-BA22-725D1C30635B} = {09A13AB1-9D99-4D93-98F6-F06D7DCEB6FD}
		{D9A92532-B6F8-4E65-B52D-351B62813256} = {09A13AB1-9D99-4D93-98F6-F06D7DCEB6FD}
		{A648970A-1BB8-4EE7-A58E-233CE21AEE8D} = {09A13AB1-9D99-4D93-98F6-F06D7DCEB6FD}
	EndGlobalSection
	GlobalSection(ExtensibilityGlobals) = postSolution
		SolutionGuid = {B2216A18-771C-42E7-A14B-722B5FD51665}
	EndGlobalSection
EndGlobal
