
Microsoft Visual Studio Solution File, Format Version 12.00
# Visual Studio Version 16
VisualStudioVersion = 16.6.30114.105
MinimumVisualStudioVersion = 10.0.40219.1
Project("{9A19103F-16F7-4668-BE54-9A1E7A4F7556}") = "R5T.D0065.Construction", "R5T.D0065.Construction\R5T.D0065.Construction.csproj", "{16A7792A-F2F5-4C62-8747-E1088A7BD7FB}"
EndProject
Project("{FAE04EC0-301F-11D3-BF4B-00C04F79EFBC}") = "R5T.D0065.Base", "R5T.D0065.Base\R5T.D0065.Base.csproj", "{32D7E755-3120-49AE-8CB0-2C9B9528D97A}"
EndProject
Project("{FAE04EC0-301F-11D3-BF4B-00C04F79EFBC}") = "R5T.D0065.Default", "R5T.D0065.Default\R5T.D0065.Default.csproj", "{A93ED294-24E7-463D-9650-CAAE28BB61BF}"
EndProject
Project("{2150E333-8FDC-42A3-9474-1A3956D46DE8}") = "_Dependencies", "_Dependencies", "{09A13AB1-9D99-4D93-98F6-F06D7DCEB6FD}"
EndProject
Project("{9A19103F-16F7-4668-BE54-9A1E7A4F7556}") = "R5T.Magyar", "..\..\R5T.Magyar\source\R5T.Magyar\R5T.Magyar.csproj", "{5AC97E04-AF04-49F2-B7C9-6305F97A2C4F}"
EndProject
Project("{9A19103F-16F7-4668-BE54-9A1E7A4F7556}") = "R5T.Dacia.Extensions", "..\..\R5T.Dacia.Extensions\source\R5T.Dacia.Extensions\R5T.Dacia.Extensions.csproj", "{F122E62E-6BA3-4732-BF53-C0514516D363}"
EndProject
Project("{9A19103F-16F7-4668-BE54-9A1E7A4F7556}") = "R5T.Dacia", "..\..\R5T.Dacia\source\R5T.Dacia\R5T.Dacia.csproj", "{A26717E7-58FE-4802-ABB2-23B130F98120}"
EndProject
Project("{9A19103F-16F7-4668-BE54-9A1E7A4F7556}") = "R5T.Lombardy.Base", "..\..\R5T.Lombardy.Base\source\R5T.Lombardy.Base\R5T.Lombardy.Base.csproj", "{5C15D6B6-7EAD-4D26-AFBE-B34234AF9D91}"
EndProject
Global
	GlobalSection(SolutionConfigurationPlatforms) = preSolution
		Debug|Any CPU = Debug|Any CPU
		Debug|x64 = Debug|x64
		Debug|x86 = Debug|x86
		Release|Any CPU = Release|Any CPU
		Release|x64 = Release|x64
		Release|x86 = Release|x86
	EndGlobalSection
	GlobalSection(ProjectConfigurationPlatforms) = postSolution
		{16A7792A-F2F5-4C62-8747-E1088A7BD7FB}.Debug|Any CPU.ActiveCfg = Debug|Any CPU
		{16A7792A-F2F5-4C62-8747-E1088A7BD7FB}.Debug|Any CPU.Build.0 = Debug|Any CPU
		{16A7792A-F2F5-4C62-8747-E1088A7BD7FB}.Debug|x64.ActiveCfg = Debug|Any CPU
		{16A7792A-F2F5-4C62-8747-E1088A7BD7FB}.Debug|x64.Build.0 = Debug|Any CPU
		{16A7792A-F2F5-4C62-8747-E1088A7BD7FB}.Debug|x86.ActiveCfg = Debug|Any CPU
		{16A7792A-F2F5-4C62-8747-E1088A7BD7FB}.Debug|x86.Build.0 = Debug|Any CPU
		{16A7792A-F2F5-4C62-8747-E1088A7BD7FB}.Release|Any CPU.ActiveCfg = Release|Any CPU
		{16A7792A-F2F5-4C62-8747-E1088A7BD7FB}.Release|Any CPU.Build.0 = Release|Any CPU
		{16A7792A-F2F5-4C62-8747-E1088A7BD7FB}.Release|x64.ActiveCfg = Release|Any CPU
		{16A7792A-F2F5-4C62-8747-E1088A7BD7FB}.Release|x64.Build.0 = Release|Any CPU
		{16A7792A-F2F5-4C62-8747-E1088A7BD7FB}.Release|x86.ActiveCfg = Release|Any CPU
		{16A7792A-F2F5-4C62-8747-E1088A7BD7FB}.Release|x86.Build.0 = Release|Any CPU
		{32D7E755-3120-49AE-8CB0-2C9B9528D97A}.Debug|Any CPU.ActiveCfg = Debug|Any CPU
		{32D7E755-3120-49AE-8CB0-2C9B9528D97A}.Debug|Any CPU.Build.0 = Debug|Any CPU
		{32D7E755-3120-49AE-8CB0-2C9B9528D97A}.Debug|x64.ActiveCfg = Debug|Any CPU
		{32D7E755-3120-49AE-8CB0-2C9B9528D97A}.Debug|x64.Build.0 = Debug|Any CPU
		{32D7E755-3120-49AE-8CB0-2C9B9528D97A}.Debug|x86.ActiveCfg = Debug|Any CPU
		{32D7E755-3120-49AE-8CB0-2C9B9528D97A}.Debug|x86.Build.0 = Debug|Any CPU
		{32D7E755-3120-49AE-8CB0-2C9B9528D97A}.Release|Any CPU.ActiveCfg = Release|Any CPU
		{32D7E755-3120-49AE-8CB0-2C9B9528D97A}.Release|Any CPU.Build.0 = Release|Any CPU
		{32D7E755-3120-49AE-8CB0-2C9B9528D97A}.Release|x64.ActiveCfg = Release|Any CPU
		{32D7E755-3120-49AE-8CB0-2C9B9528D97A}.Release|x64.Build.0 = Release|Any CPU
		{32D7E755-3120-49AE-8CB0-2C9B9528D97A}.Release|x86.ActiveCfg = Release|Any CPU
		{32D7E755-3120-49AE-8CB0-2C9B9528D97A}.Release|x86.Build.0 = Release|Any CPU
		{A93ED294-24E7-463D-9650-CAAE28BB61BF}.Debug|Any CPU.ActiveCfg = Debug|Any CPU
		{A93ED294-24E7-463D-9650-CAAE28BB61BF}.Debug|Any CPU.Build.0 = Debug|Any CPU
		{A93ED294-24E7-463D-9650-CAAE28BB61BF}.Debug|x64.ActiveCfg = Debug|Any CPU
		{A93ED294-24E7-463D-9650-CAAE28BB61BF}.Debug|x64.Build.0 = Debug|Any CPU
		{A93ED294-24E7-463D-9650-CAAE28BB61BF}.Debug|x86.ActiveCfg = Debug|Any CPU
		{A93ED294-24E7-463D-9650-CAAE28BB61BF}.Debug|x86.Build.0 = Debug|Any CPU
		{A93ED294-24E7-463D-9650-CAAE28BB61BF}.Release|Any CPU.ActiveCfg = Release|Any CPU
		{A93ED294-24E7-463D-9650-CAAE28BB61BF}.Release|Any CPU.Build.0 = Release|Any CPU
		{A93ED294-24E7-463D-9650-CAAE28BB61BF}.Release|x64.ActiveCfg = Release|Any CPU
		{A93ED294-24E7-463D-9650-CAAE28BB61BF}.Release|x64.Build.0 = Release|Any CPU
		{A93ED294-24E7-463D-9650-CAAE28BB61BF}.Release|x86.ActiveCfg = Release|Any CPU
		{A93ED294-24E7-463D-9650-CAAE28BB61BF}.Release|x86.Build.0 = Release|Any CPU
		{5AC97E04-AF04-49F2-B7C9-6305F97A2C4F}.Debug|Any CPU.ActiveCfg = Debug|Any CPU
		{5AC97E04-AF04-49F2-B7C9-6305F97A2C4F}.Debug|Any CPU.Build.0 = Debug|Any CPU
		{5AC97E04-AF04-49F2-B7C9-6305F97A2C4F}.Debug|x64.ActiveCfg = Debug|Any CPU
		{5AC97E04-AF04-49F2-B7C9-6305F97A2C4F}.Debug|x64.Build.0 = Debug|Any CPU
		{5AC97E04-AF04-49F2-B7C9-6305F97A2C4F}.Debug|x86.ActiveCfg = Debug|Any CPU
		{5AC97E04-AF04-49F2-B7C9-6305F97A2C4F}.Debug|x86.Build.0 = Debug|Any CPU
		{5AC97E04-AF04-49F2-B7C9-6305F97A2C4F}.Release|Any CPU.ActiveCfg = Release|Any CPU
		{5AC97E04-AF04-49F2-B7C9-6305F97A2C4F}.Release|Any CPU.Build.0 = Release|Any CPU
		{5AC97E04-AF04-49F2-B7C9-6305F97A2C4F}.Release|x64.ActiveCfg = Release|Any CPU
		{5AC97E04-AF04-49F2-B7C9-6305F97A2C4F}.Release|x64.Build.0 = Release|Any CPU
		{5AC97E04-AF04-49F2-B7C9-6305F97A2C4F}.Release|x86.ActiveCfg = Release|Any CPU
		{5AC97E04-AF04-49F2-B7C9-6305F97A2C4F}.Release|x86.Build.0 = Release|Any CPU
		{F122E62E-6BA3-4732-BF53-C0514516D363}.Debug|Any CPU.ActiveCfg = Debug|Any CPU
		{F122E62E-6BA3-4732-BF53-C0514516D363}.Debug|Any CPU.Build.0 = Debug|Any CPU
		{F122E62E-6BA3-4732-BF53-C0514516D363}.Debug|x64.ActiveCfg = Debug|Any CPU
		{F122E62E-6BA3-4732-BF53-C0514516D363}.Debug|x64.Build.0 = Debug|Any CPU
		{F122E62E-6BA3-4732-BF53-C0514516D363}.Debug|x86.ActiveCfg = Debug|Any CPU
		{F122E62E-6BA3-4732-BF53-C0514516D363}.Debug|x86.Build.0 = Debug|Any CPU
		{F122E62E-6BA3-4732-BF53-C0514516D363}.Release|Any CPU.ActiveCfg = Release|Any CPU
		{F122E62E-6BA3-4732-BF53-C0514516D363}.Release|Any CPU.Build.0 = Release|Any CPU
		{F122E62E-6BA3-4732-BF53-C0514516D363}.Release|x64.ActiveCfg = Release|Any CPU
		{F122E62E-6BA3-4732-BF53-C0514516D363}.Release|x64.Build.0 = Release|Any CPU
		{F122E62E-6BA3-4732-BF53-C0514516D363}.Release|x86.ActiveCfg = Release|Any CPU
		{F122E62E-6BA3-4732-BF53-C0514516D363}.Release|x86.Build.0 = Release|Any CPU
		{A26717E7-58FE-4802-ABB2-23B130F98120}.Debug|Any CPU.ActiveCfg = Debug|Any CPU
		{A26717E7-58FE-4802-ABB2-23B130F98120}.Debug|Any CPU.Build.0 = Debug|Any CPU
		{A26717E7-58FE-4802-ABB2-23B130F98120}.Debug|x64.ActiveCfg = Debug|Any CPU
		{A26717E7-58FE-4802-ABB2-23B130F98120}.Debug|x64.Build.0 = Debug|Any CPU
		{A26717E7-58FE-4802-ABB2-23B130F98120}.Debug|x86.ActiveCfg = Debug|Any CPU
		{A26717E7-58FE-4802-ABB2-23B130F98120}.Debug|x86.Build.0 = Debug|Any CPU
		{A26717E7-58FE-4802-ABB2-23B130F98120}.Release|Any CPU.ActiveCfg = Release|Any CPU
		{A26717E7-58FE-4802-ABB2-23B130F98120}.Release|Any CPU.Build.0 = Release|Any CPU
		{A26717E7-58FE-4802-ABB2-23B130F98120}.Release|x64.ActiveCfg = Release|Any CPU
		{A26717E7-58FE-4802-ABB2-23B130F98120}.Release|x64.Build.0 = Release|Any CPU
		{A26717E7-58FE-4802-ABB2-23B130F98120}.Release|x86.ActiveCfg = Release|Any CPU
		{A26717E7-58FE-4802-ABB2-23B130F98120}.Release|x86.Build.0 = Release|Any CPU
		{5C15D6B6-7EAD-4D26-AFBE-B34234AF9D91}.Debug|Any CPU.ActiveCfg = Debug|Any CPU
		{5C15D6B6-7EAD-4D26-AFBE-B34234AF9D91}.Debug|Any CPU.Build.0 = Debug|Any CPU
		{5C15D6B6-7EAD-4D26-AFBE-B34234AF9D91}.Debug|x64.ActiveCfg = Debug|Any CPU
		{5C15D6B6-7EAD-4D26-AFBE-B34234AF9D91}.Debug|x64.Build.0 = Debug|Any CPU
		{5C15D6B6-7EAD-4D26-AFBE-B34234AF9D91}.Debug|x86.ActiveCfg = Debug|Any CPU
		{5C15D6B6-7EAD-4D26-AFBE-B34234AF9D91}.Debug|x86.Build.0 = Debug|Any CPU
		{5C15D6B6-7EAD-4D26-AFBE-B34234AF9D91}.Release|Any CPU.ActiveCfg = Release|Any CPU
		{5C15D6B6-7EAD-4D26-AFBE-B34234AF9D91}.Release|Any CPU.Build.0 = Release|Any CPU
		{5C15D6B6-7EAD-4D26-AFBE-B34234AF9D91}.Release|x64.ActiveCfg = Release|Any CPU
		{5C15D6B6-7EAD-4D26-AFBE-B34234AF9D91}.Release|x64.Build.0 = Release|Any CPU
		{5C15D6B6-7EAD-4D26-AFBE-B34234AF9D91}.Release|x86.ActiveCfg = Release|Any CPU
		{5C15D6B6-7EAD-4D26-AFBE-B34234AF9D91}.Release|x86.Build.0 = Release|Any CPU
	EndGlobalSection
	GlobalSection(SolutionProperties) = preSolution
		HideSolutionNode = FALSE
	EndGlobalSection
	GlobalSection(NestedProjects) = preSolution
		{5AC97E04-AF04-49F2-B7C9-6305F97A2C4F} = {09A13AB1-9D99-4D93-98F6-F06D7DCEB6FD}
		{F122E62E-6BA3-4732-BF53-C0514516D363} = {09A13AB1-9D99-4D93-98F6-F06D7DCEB6FD}
		{A26717E7-58FE-4802-ABB2-23B130F98120} = {09A13AB1-9D99-4D93-98F6-F06D7DCEB6FD}
		{5C15D6B6-7EAD-4D26-AFBE-B34234AF9D91} = {09A13AB1-9D99-4D93-98F6-F06D7DCEB6FD}
	EndGlobalSection
	GlobalSection(ExtensibilityGlobals) = postSolution
		SolutionGuid = {B2216A18-771C-42E7-A14B-722B5FD51665}
	EndGlobalSection
EndGlobal
